// !$*UTF8*$!
{
	archiveVersion = 1;
	classes = {
	};
	objectVersion = 77;
	objects = {

/* Begin PBXBuildFile section */
		E1C138F92F3BCD0A00731225 /* FirebaseAnalytics in Frameworks */ = {isa = PBXBuildFile; productRef = E1C138F82F3BCD0A00731225 /* FirebaseAnalytics */; };
		E1C138FB2F3BCD0A00731225 /* FirebaseAuth in Frameworks */ = {isa = PBXBuildFile; productRef = E1C138FA2F3BCD0A00731225 /* FirebaseAuth */; };
		E1C138FD2F3BCD0A00731225 /* FirebaseDatabase in Frameworks */ = {isa = PBXBuildFile; productRef = E1C138FC2F3BCD0A00731225 /* FirebaseDatabase */; };
		E1C139002F3BCD4900731225 /* Kingfisher in Frameworks */ = {isa = PBXBuildFile; productRef = E1C138FF2F3BCD4900731225 /* Kingfisher */; };
/* End PBXBuildFile section */

/* Begin PBXContainerItemProxy section */
		E1C138462F3BAB1600731225 /* PBXContainerItemProxy */ = {
			isa = PBXContainerItemProxy;
			containerPortal = E1C138302F3BAB1300731225 /* Project object */;
			proxyType = 1;
			remoteGlobalIDString = E1C138372F3BAB1300731225;
			remoteInfo = RecipePlanner;
		};
		E1C138502F3BAB1600731225 /* PBXContainerItemProxy */ = {
			isa = PBXContainerItemProxy;
			containerPortal = E1C138302F3BAB1300731225 /* Project object */;
			proxyType = 1;
			remoteGlobalIDString = E1C138372F3BAB1300731225;
			remoteInfo = RecipePlanner;
		};
/* End PBXContainerItemProxy section */

/* Begin PBXFileReference section */
		E1C138382F3BAB1300731225 /* RecipePlanner.app */ = {isa = PBXFileReference; explicitFileType = wrapper.application; includeInIndex = 0; path = RecipePlanner.app; sourceTree = BUILT_PRODUCTS_DIR; };
		E1C138452F3BAB1600731225 /* RecipePlannerTests.xctest */ = {isa = PBXFileReference; explicitFileType = wrapper.cfbundle; includeInIndex = 0; path = RecipePlannerTests.xctest; sourceTree = BUILT_PRODUCTS_DIR; };
		E1C1384F2F3BAB1600731225 /* RecipePlannerUITests.xctest */ = {isa = PBXFileReference; explicitFileType = wrapper.cfbundle; includeInIndex = 0; path = RecipePlannerUITests.xctest; sourceTree = BUILT_PRODUCTS_DIR; };
/* End PBXFileReference section */

/* Begin PBXFileSystemSynchronizedBuildFileExceptionSet section */
		E1C139072F3BD04900731225 /* Exceptions for "RecipePlanner" folder in "RecipePlanner" target */ = {
			isa = PBXFileSystemSynchronizedBuildFileExceptionSet;
			membershipExceptions = (
				Info.plist,
			);
			target = E1C138372F3BAB1300731225 /* RecipePlanner */;
		};
/* End PBXFileSystemSynchronizedBuildFileExceptionSet section */

/* Begin PBXFileSystemSynchronizedRootGroup section */
		E1C1383A2F3BAB1300731225 /* RecipePlanner */ = {
			isa = PBXFileSystemSynchronizedRootGroup;
			exceptions = (
				E1C139072F3BD04900731225 /* Exceptions for "RecipePlanner" folder in "RecipePlanner" target */,
			);
			path = RecipePlanner;
			sourceTree = "<group>";
		};
		E1C138482F3BAB1600731225 /* RecipePlannerTests */ = {
			isa = PBXFileSystemSynchronizedRootGroup;
			path = RecipePlannerTests;
			sourceTree = "<group>";
		};
		E1C138522F3BAB1600731225 /* RecipePlannerUITests */ = {
			isa = PBXFileSystemSynchronizedRootGroup;
			path = RecipePlannerUITests;
			sourceTree = "<group>";
		};
		E1C138EB2F3BCAAE00731225 /* Config */ = {
			isa = PBXFileSystemSynchronizedRootGroup;
			path = Config;
			sourceTree = "<group>";
		};
/* End PBXFileSystemSynchronizedRootGroup section */

/* Begin PBXFrameworksBuildPhase section */
		E1C138352F3BAB1300731225 /* Frameworks */ = {
			isa = PBXFrameworksBuildPhase;
			buildActionMask = 2147483647;
			files = (
				E1C139002F3BCD4900731225 /* Kingfisher in Frameworks */,
				E1C138FD2F3BCD0A00731225 /* FirebaseDatabase in Frameworks */,
				E1C138F92F3BCD0A00731225 /* FirebaseAnalytics in Frameworks */,
				E1C138FB2F3BCD0A00731225 /* FirebaseAuth in Frameworks */,
			);
			runOnlyForDeploymentPostprocessing = 0;
		};
		E1C138422F3BAB1600731225 /* Frameworks */ = {
			isa = PBXFrameworksBuildPhase;
			buildActionMask = 2147483647;
			files = (
			);
			runOnlyForDeploymentPostprocessing = 0;
		};
		E1C1384C2F3BAB1600731225 /* Frameworks */ = {
			isa = PBXFrameworksBuildPhase;
			buildActionMask = 2147483647;
			files = (
			);
			runOnlyForDeploymentPostprocessing = 0;
		};
/* End PBXFrameworksBuildPhase section */

/* Begin PBXGroup section */
		E1C1382F2F3BAB1300731225 = {
			isa = PBXGroup;
			children = (
				E1C138EB2F3BCAAE00731225 /* Config */,
				E1C1383A2F3BAB1300731225 /* RecipePlanner */,
				E1C138482F3BAB1600731225 /* RecipePlannerTests */,
				E1C138522F3BAB1600731225 /* RecipePlannerUITests */,
				E1C138392F3BAB1300731225 /* Products */,
			);
			sourceTree = "<group>";
		};
		E1C138392F3BAB1300731225 /* Products */ = {
			isa = PBXGroup;
			children = (
				E1C138382F3BAB1300731225 /* RecipePlanner.app */,
				E1C138452F3BAB1600731225 /* RecipePlannerTests.xctest */,
				E1C1384F2F3BAB1600731225 /* RecipePlannerUITests.xctest */,
			);
			name = Products;
			sourceTree = "<group>";
		};
/* End PBXGroup section */

/* Begin PBXNativeTarget section */
		E1C138372F3BAB1300731225 /* RecipePlanner */ = {
			isa = PBXNativeTarget;
			buildConfigurationList = E1C138592F3BAB1600731225 /* Build configuration list for PBXNativeTarget "RecipePlanner" */;
			buildPhases = (
				E1C138342F3BAB1300731225 /* Sources */,
				E1C138352F3BAB1300731225 /* Frameworks */,
				E1C138362F3BAB1300731225 /* Resources */,
			);
			buildRules = (
			);
			dependencies = (
			);
			fileSystemSynchronizedGroups = (
				E1C1383A2F3BAB1300731225 /* RecipePlanner */,
				E1C138EB2F3BCAAE00731225 /* Config */,
			);
			name = RecipePlanner;
			packageProductDependencies = (
				E1C138F82F3BCD0A00731225 /* FirebaseAnalytics */,
				E1C138FA2F3BCD0A00731225 /* FirebaseAuth */,
				E1C138FC2F3BCD0A00731225 /* FirebaseDatabase */,
				E1C138FF2F3BCD4900731225 /* Kingfisher */,
			);
			productName = RecipePlanner;
			productReference = E1C138382F3BAB1300731225 /* RecipePlanner.app */;
			productType = "com.apple.product-type.application";
		};
		E1C138442F3BAB1600731225 /* RecipePlannerTests */ = {
			isa = PBXNativeTarget;
			buildConfigurationList = E1C1385C2F3BAB1600731225 /* Build configuration list for PBXNativeTarget "RecipePlannerTests" */;
			buildPhases = (
				E1C138412F3BAB1600731225 /* Sources */,
				E1C138422F3BAB1600731225 /* Frameworks */,
				E1C138432F3BAB1600731225 /* Resources */,
			);
			buildRules = (
			);
			dependencies = (
				E1C138472F3BAB1600731225 /* PBXTargetDependency */,
			);
			fileSystemSynchronizedGroups = (
				E1C138482F3BAB1600731225 /* RecipePlannerTests */,
			);
			name = RecipePlannerTests;
			packageProductDependencies = (
			);
			productName = RecipePlannerTests;
			productReference = E1C138452F3BAB1600731225 /* RecipePlannerTests.xctest */;
			productType = "com.apple.product-type.bundle.unit-test";
		};
		E1C1384E2F3BAB1600731225 /* RecipePlannerUITests */ = {
			isa = PBXNativeTarget;
			buildConfigurationList = E1C1385F2F3BAB1600731225 /* Build configuration list for PBXNativeTarget "RecipePlannerUITests" */;
			buildPhases = (
				E1C1384B2F3BAB1600731225 /* Sources */,
				E1C1384C2F3BAB1600731225 /* Frameworks */,
				E1C1384D2F3BAB1600731225 /* Resources */,
			);
			buildRules = (
			);
			dependencies = (
				E1C138512F3BAB1600731225 /* PBXTargetDependency */,
			);
			fileSystemSynchronizedGroups = (
				E1C138522F3BAB1600731225 /* RecipePlannerUITests */,
			);
			name = RecipePlannerUITests;
			packageProductDependencies = (
			);
			productName = RecipePlannerUITests;
			productReference = E1C1384F2F3BAB1600731225 /* RecipePlannerUITests.xctest */;
			productType = "com.apple.product-type.bundle.ui-testing";
		};
/* End PBXNativeTarget section */

/* Begin PBXProject section */
		E1C138302F3BAB1300731225 /* Project object */ = {
			isa = PBXProject;
			attributes = {
				BuildIndependentTargetsInParallel = 1;
				LastSwiftUpdateCheck = 2620;
				LastUpgradeCheck = 2620;
				TargetAttributes = {
					E1C138372F3BAB1300731225 = {
						CreatedOnToolsVersion = 26.2;
					};
					E1C138442F3BAB1600731225 = {
						CreatedOnToolsVersion = 26.2;
						TestTargetID = E1C138372F3BAB1300731225;
					};
					E1C1384E2F3BAB1600731225 = {
						CreatedOnToolsVersion = 26.2;
						TestTargetID = E1C138372F3BAB1300731225;
					};
				};
			};
			buildConfigurationList = E1C138332F3BAB1300731225 /* Build configuration list for PBXProject "RecipePlanner" */;
			developmentRegion = en;
			hasScannedForEncodings = 0;
			knownRegions = (
				en,
				Base,
			);
			mainGroup = E1C1382F2F3BAB1300731225;
			minimizedProjectReferenceProxies = 1;
			packageReferences = (
				E1C138F72F3BCD0A00731225 /* XCRemoteSwiftPackageReference "firebase-ios-sdk" */,
				E1C138FE2F3BCD4900731225 /* XCRemoteSwiftPackageReference "Kingfisher" */,
			);
			preferredProjectObjectVersion = 77;
			productRefGroup = E1C138392F3BAB1300731225 /* Products */;
			projectDirPath = "";
			projectRoot = "";
			targets = (
				E1C138372F3BAB1300731225 /* RecipePlanner */,
				E1C138442F3BAB1600731225 /* RecipePlannerTests */,
				E1C1384E2F3BAB1600731225 /* RecipePlannerUITests */,
			);
		};
/* End PBXProject section */

/* Begin PBXResourcesBuildPhase section */
		E1C138362F3BAB1300731225 /* Resources */ = {
			isa = PBXResourcesBuildPhase;
			buildActionMask = 2147483647;
			files = (
			);
			runOnlyForDeploymentPostprocessing = 0;
		};
		E1C138432F3BAB1600731225 /* Resources */ = {
			isa = PBXResourcesBuildPhase;
			buildActionMask = 2147483647;
			files = (
			);
			runOnlyForDeploymentPostprocessing = 0;
		};
		E1C1384D2F3BAB1600731225 /* Resources */ = {
			isa = PBXResourcesBuildPhase;
			buildActionMask = 2147483647;
			files = (
			);
			runOnlyForDeploymentPostprocessing = 0;
		};
/* End PBXResourcesBuildPhase section */

/* Begin PBXSourcesBuildPhase section */
		E1C138342F3BAB1300731225 /* Sources */ = {
			isa = PBXSourcesBuildPhase;
			buildActionMask = 2147483647;
			files = (
			);
			runOnlyForDeploymentPostprocessing = 0;
		};
		E1C138412F3BAB1600731225 /* Sources */ = {
			isa = PBXSourcesBuildPhase;
			buildActionMask = 2147483647;
			files = (
			);
			runOnlyForDeploymentPostprocessing = 0;
		};
		E1C1384B2F3BAB1600731225 /* Sources */ = {
			isa = PBXSourcesBuildPhase;
			buildActionMask = 2147483647;
			files = (
			);
			runOnlyForDeploymentPostprocessing = 0;
		};
/* End PBXSourcesBuildPhase section */

/* Begin PBXTargetDependency section */
		E1C138472F3BAB1600731225 /* PBXTargetDependency */ = {
			isa = PBXTargetDependency;
			target = E1C138372F3BAB1300731225 /* RecipePlanner */;
			targetProxy = E1C138462F3BAB1600731225 /* PBXContainerItemProxy */;
		};
		E1C138512F3BAB1600731225 /* PBXTargetDependency */ = {
			isa = PBXTargetDependency;
			target = E1C138372F3BAB1300731225 /* RecipePlanner */;
			targetProxy = E1C138502F3BAB1600731225 /* PBXContainerItemProxy */;
		};
/* End PBXTargetDependency section */

/* Begin XCBuildConfiguration section */
		E1C138572F3BAB1600731225 /* Debug */ = {
			isa = XCBuildConfiguration;
			buildSettings = {
				ALWAYS_SEARCH_USER_PATHS = NO;
				ASSETCATALOG_COMPILER_GENERATE_SWIFT_ASSET_SYMBOL_EXTENSIONS = YES;
				CLANG_ANALYZER_NONNULL = YES;
				CLANG_ANALYZER_NUMBER_OBJECT_CONVERSION = YES_AGGRESSIVE;
				CLANG_CXX_LANGUAGE_STANDARD = "gnu++20";
				CLANG_ENABLE_MODULES = YES;
				CLANG_ENABLE_OBJC_ARC = YES;
				CLANG_ENABLE_OBJC_WEAK = YES;
				CLANG_WARN_BLOCK_CAPTURE_AUTORELEASING = YES;
				CLANG_WARN_BOOL_CONVERSION = YES;
				CLANG_WARN_COMMA = YES;
				CLANG_WARN_CONSTANT_CONVERSION = YES;
				CLANG_WARN_DEPRECATED_OBJC_IMPLEMENTATIONS = YES;
				CLANG_WARN_DIRECT_OBJC_ISA_USAGE = YES_ERROR;
				CLANG_WARN_DOCUMENTATION_COMMENTS = YES;
				CLANG_WARN_EMPTY_BODY = YES;
				CLANG_WARN_ENUM_CONVERSION = YES;
				CLANG_WARN_INFINITE_RECURSION = YES;
				CLANG_WARN_INT_CONVERSION = YES;
				CLANG_WARN_NON_LITERAL_NULL_CONVERSION = YES;
				CLANG_WARN_OBJC_IMPLICIT_RETAIN_SELF = YES;
				CLANG_WARN_OBJC_LITERAL_CONVERSION = YES;
				CLANG_WARN_OBJC_ROOT_CLASS = YES_ERROR;
				CLANG_WARN_QUOTED_INCLUDE_IN_FRAMEWORK_HEADER = YES;
				CLANG_WARN_RANGE_LOOP_ANALYSIS = YES;
				CLANG_WARN_STRICT_PROTOTYPES = YES;
				CLANG_WARN_SUSPICIOUS_MOVE = YES;
				CLANG_WARN_UNGUARDED_AVAILABILITY = YES_AGGRESSIVE;
				CLANG_WARN_UNREACHABLE_CODE = YES;
				CLANG_WARN__DUPLICATE_METHOD_MATCH = YES;
				COPY_PHASE_STRIP = NO;
				DEBUG_INFORMATION_FORMAT = dwarf;
				ENABLE_STRICT_OBJC_MSGSEND = YES;
				ENABLE_TESTABILITY = YES;
				ENABLE_USER_SCRIPT_SANDBOXING = YES;
				GCC_C_LANGUAGE_STANDARD = gnu17;
				GCC_DYNAMIC_NO_PIC = NO;
				GCC_NO_COMMON_BLOCKS = YES;
				GCC_OPTIMIZATION_LEVEL = 0;
				GCC_PREPROCESSOR_DEFINITIONS = (
					"DEBUG=1",
					"$(inherited)",
				);
				GCC_WARN_64_TO_32_BIT_CONVERSION = YES;
				GCC_WARN_ABOUT_RETURN_TYPE = YES_ERROR;
				GCC_WARN_UNDECLARED_SELECTOR = YES;
				GCC_WARN_UNINITIALIZED_AUTOS = YES_AGGRESSIVE;
				GCC_WARN_UNUSED_FUNCTION = YES;
				GCC_WARN_UNUSED_VARIABLE = YES;
				IPHONEOS_DEPLOYMENT_TARGET = 26.2;
				LOCALIZATION_PREFERS_STRING_CATALOGS = YES;
				MTL_ENABLE_DEBUG_INFO = INCLUDE_SOURCE;
				MTL_FAST_MATH = YES;
				ONLY_ACTIVE_ARCH = YES;
				SDKROOT = iphoneos;
				SWIFT_ACTIVE_COMPILATION_CONDITIONS = "DEBUG $(inherited)";
				SWIFT_OPTIMIZATION_LEVEL = "-Onone";
			};
			name = Debug;
		};
		E1C138582F3BAB1600731225 /* Release */ = {
			isa = XCBuildConfiguration;
			buildSettings = {
				ALWAYS_SEARCH_USER_PATHS = NO;
				ASSETCATALOG_COMPILER_GENERATE_SWIFT_ASSET_SYMBOL_EXTENSIONS = YES;
				CLANG_ANALYZER_NONNULL = YES;
				CLANG_ANALYZER_NUMBER_OBJECT_CONVERSION = YES_AGGRESSIVE;
				CLANG_CXX_LANGUAGE_STANDARD = "gnu++20";
				CLANG_ENABLE_MODULES = YES;
				CLANG_ENABLE_OBJC_ARC = YES;
				CLANG_ENABLE_OBJC_WEAK = YES;
				CLANG_WARN_BLOCK_CAPTURE_AUTORELEASING = YES;
				CLANG_WARN_BOOL_CONVERSION = YES;
				CLANG_WARN_COMMA = YES;
				CLANG_WARN_CONSTANT_CONVERSION = YES;
				CLANG_WARN_DEPRECATED_OBJC_IMPLEMENTATIONS = YES;
				CLANG_WARN_DIRECT_OBJC_ISA_USAGE = YES_ERROR;
				CLANG_WARN_DOCUMENTATION_COMMENTS = YES;
				CLANG_WARN_EMPTY_BODY = YES;
				CLANG_WARN_ENUM_CONVERSION = YES;
				CLANG_WARN_INFINITE_RECURSION = YES;
				CLANG_WARN_INT_CONVERSION = YES;
				CLANG_WARN_NON_LITERAL_NULL_CONVERSION = YES;
				CLANG_WARN_OBJC_IMPLICIT_RETAIN_SELF = YES;
				CLANG_WARN_OBJC_LITERAL_CONVERSION = YES;
				CLANG_WARN_OBJC_ROOT_CLASS = YES_ERROR;
				CLANG_WARN_QUOTED_INCLUDE_IN_FRAMEWORK_HEADER = YES;
				CLANG_WARN_RANGE_LOOP_ANALYSIS = YES;
				CLANG_WARN_STRICT_PROTOTYPES = YES;
				CLANG_WARN_SUSPICIOUS_MOVE = YES;
				CLANG_WARN_UNGUARDED_AVAILABILITY = YES_AGGRESSIVE;
				CLANG_WARN_UNREACHABLE_CODE = YES;
				CLANG_WARN__DUPLICATE_METHOD_MATCH = YES;
				COPY_PHASE_STRIP = NO;
				DEBUG_INFORMATION_FORMAT = "dwarf-with-dsym";
				ENABLE_NS_ASSERTIONS = NO;
				ENABLE_STRICT_OBJC_MSGSEND = YES;
				ENABLE_USER_SCRIPT_SANDBOXING = YES;
				GCC_C_LANGUAGE_STANDARD = gnu17;
				GCC_NO_COMMON_BLOCKS = YES;
				GCC_WARN_64_TO_32_BIT_CONVERSION = YES;
				GCC_WARN_ABOUT_RETURN_TYPE = YES_ERROR;
				GCC_WARN_UNDECLARED_SELECTOR = YES;
				GCC_WARN_UNINITIALIZED_AUTOS = YES_AGGRESSIVE;
				GCC_WARN_UNUSED_FUNCTION = YES;
				GCC_WARN_UNUSED_VARIABLE = YES;
				IPHONEOS_DEPLOYMENT_TARGET = 26.2;
				LOCALIZATION_PREFERS_STRING_CATALOGS = YES;
				MTL_ENABLE_DEBUG_INFO = NO;
				MTL_FAST_MATH = YES;
				SDKROOT = iphoneos;
				SWIFT_COMPILATION_MODE = wholemodule;
				VALIDATE_PRODUCT = YES;
			};
			name = Release;
		};
		E1C1385A2F3BAB1600731225 /* Debug */ = {
			isa = XCBuildConfiguration;
			baseConfigurationReferenceAnchor = E1C138EB2F3BCAAE00731225 /* Config */;
			baseConfigurationReferenceRelativePath = Debug.xcconfig;
			buildSettings = {
				ASSETCATALOG_COMPILER_APPICON_NAME = AppIcon;
				ASSETCATALOG_COMPILER_GLOBAL_ACCENT_COLOR_NAME = AccentColor;
				CODE_SIGN_STYLE = Automatic;
				CURRENT_PROJECT_VERSION = 1;
				ENABLE_PREVIEWS = YES;
				GENERATE_INFOPLIST_FILE = YES;
				INFOPLIST_FILE = RecipePlanner/Info.plist;
				INFOPLIST_KEY_UIApplicationSceneManifest_Generation = YES;
				INFOPLIST_KEY_UIApplicationSupportsIndirectInputEvents = YES;
				INFOPLIST_KEY_UILaunchScreen_Generation = YES;
				INFOPLIST_KEY_UISupportedInterfaceOrientations_iPad = "UIInterfaceOrientationPortrait UIInterfaceOrientationPortraitUpsideDown UIInterfaceOrientationLandscapeLeft UIInterfaceOrientationLandscapeRight";
				INFOPLIST_KEY_UISupportedInterfaceOrientations_iPhone = "UIInterfaceOrientationPortrait UIInterfaceOrientationLandscapeLeft UIInterfaceOrientationLandscapeRight";
				LD_RUNPATH_SEARCH_PATHS = (
					"$(inherited)",
					"@executable_path/Frameworks",
				);
				MARKETING_VERSION = 1.0;
				PRODUCT_BUNDLE_IDENTIFIER = com.Yerasyl.RecipePlannerApp;
				PRODUCT_NAME = "$(TARGET_NAME)";
				STRING_CATALOG_GENERATE_SYMBOLS = YES;
				SWIFT_APPROACHABLE_CONCURRENCY = YES;
				SWIFT_DEFAULT_ACTOR_ISOLATION = MainActor;
				SWIFT_EMIT_LOC_STRINGS = YES;
				SWIFT_UPCOMING_FEATURE_MEMBER_IMPORT_VISIBILITY = YES;
				SWIFT_VERSION = 5.0;
				TARGETED_DEVICE_FAMILY = "1,2";
			};
			name = Debug;
		};
		E1C1385B2F3BAB1600731225 /* Release */ = {
			isa = XCBuildConfiguration;
			baseConfigurationReferenceAnchor = E1C138EB2F3BCAAE00731225 /* Config */;
			baseConfigurationReferenceRelativePath = Release.xcconfig;
			buildSettings = {
				ASSETCATALOG_COMPILER_APPICON_NAME = AppIcon;
				ASSETCATALOG_COMPILER_GLOBAL_ACCENT_COLOR_NAME = AccentColor;
				CODE_SIGN_STYLE = Automatic;
				CURRENT_PROJECT_VERSION = 1;
				ENABLE_PREVIEWS = YES;
				GENERATE_INFOPLIST_FILE = YES;
				INFOPLIST_FILE = RecipePlanner/Info.plist;
				INFOPLIST_KEY_UIApplicationSceneManifest_Generation = YES;
				INFOPLIST_KEY_UIApplicationSupportsIndirectInputEvents = YES;
				INFOPLIST_KEY_UILaunchScreen_Generation = YES;
				INFOPLIST_KEY_UISupportedInterfaceOrientations_iPad = "UIInterfaceOrientationPortrait UIInterfaceOrientationPortraitUpsideDown UIInterfaceOrientationLandscapeLeft UIInterfaceOrientationLandscapeRight";
				INFOPLIST_KEY_UISupportedInterfaceOrientations_iPhone = "UIInterfaceOrientationPortrait UIInterfaceOrientationLandscapeLeft UIInterfaceOrientationLandscapeRight";
				LD_RUNPATH_SEARCH_PATHS = (
					"$(inherited)",
					"@executable_path/Frameworks",
				);
				MARKETING_VERSION = 1.0;
				PRODUCT_BUNDLE_IDENTIFIER = com.Yerasyl.RecipePlannerApp;
				PRODUCT_NAME = "$(TARGET_NAME)";
				STRING_CATALOG_GENERATE_SYMBOLS = YES;
				SWIFT_APPROACHABLE_CONCURRENCY = YES;
				SWIFT_DEFAULT_ACTOR_ISOLATION = MainActor;
				SWIFT_EMIT_LOC_STRINGS = YES;
				SWIFT_UPCOMING_FEATURE_MEMBER_IMPORT_VISIBILITY = YES;
				SWIFT_VERSION = 5.0;
				TARGETED_DEVICE_FAMILY = "1,2";
			};
			name = Release;
		};
		E1C1385D2F3BAB1600731225 /* Debug */ = {
			isa = XCBuildConfiguration;
			buildSettings = {
				BUNDLE_LOADER = "$(TEST_HOST)";
				CODE_SIGN_STYLE = Automatic;
				CURRENT_PROJECT_VERSION = 1;
				GENERATE_INFOPLIST_FILE = YES;
				IPHONEOS_DEPLOYMENT_TARGET = 26.2;
				MARKETING_VERSION = 1.0;
				PRODUCT_BUNDLE_IDENTIFIER = com.company.RecipePlannerTests;
				PRODUCT_NAME = "$(TARGET_NAME)";
				STRING_CATALOG_GENERATE_SYMBOLS = NO;
				SWIFT_APPROACHABLE_CONCURRENCY = YES;
				SWIFT_EMIT_LOC_STRINGS = NO;
				SWIFT_UPCOMING_FEATURE_MEMBER_IMPORT_VISIBILITY = YES;
				SWIFT_VERSION = 5.0;
				TARGETED_DEVICE_FAMILY = "1,2";
				TEST_HOST = "$(BUILT_PRODUCTS_DIR)/RecipePlanner.app/$(BUNDLE_EXECUTABLE_FOLDER_PATH)/RecipePlanner";
			};
			name = Debug;
		};
		E1C1385E2F3BAB1600731225 /* Release */ = {
			isa = XCBuildConfiguration;
			buildSettings = {
				BUNDLE_LOADER = "$(TEST_HOST)";
				CODE_SIGN_STYLE = Automatic;
				CURRENT_PROJECT_VERSION = 1;
				GENERATE_INFOPLIST_FILE = YES;
				IPHONEOS_DEPLOYMENT_TARGET = 26.2;
				MARKETING_VERSION = 1.0;
				PRODUCT_BUNDLE_IDENTIFIER = com.company.RecipePlannerTests;
				PRODUCT_NAME = "$(TARGET_NAME)";
				STRING_CATALOG_GENERATE_SYMBOLS = NO;
				SWIFT_APPROACHABLE_CONCURRENCY = YES;
				SWIFT_EMIT_LOC_STRINGS = NO;
				SWIFT_UPCOMING_FEATURE_MEMBER_IMPORT_VISIBILITY = YES;
				SWIFT_VERSION = 5.0;
				TARGETED_DEVICE_FAMILY = "1,2";
				TEST_HOST = "$(BUILT_PRODUCTS_DIR)/RecipePlanner.app/$(BUNDLE_EXECUTABLE_FOLDER_PATH)/RecipePlanner";
			};
			name = Release;
		};
		E1C138602F3BAB1600731225 /* Debug */ = {
			isa = XCBuildConfiguration;
			buildSettings = {
				CODE_SIGN_STYLE = Automatic;
				CURRENT_PROJECT_VERSION = 1;
				GENERATE_INFOPLIST_FILE = YES;
				MARKETING_VERSION = 1.0;
				PRODUCT_BUNDLE_IDENTIFIER = com.company.RecipePlannerUITests;
				PRODUCT_NAME = "$(TARGET_NAME)";
				STRING_CATALOG_GENERATE_SYMBOLS = NO;
				SWIFT_APPROACHABLE_CONCURRENCY = YES;
				SWIFT_EMIT_LOC_STRINGS = NO;
				SWIFT_UPCOMING_FEATURE_MEMBER_IMPORT_VISIBILITY = YES;
				SWIFT_VERSION = 5.0;
				TARGETED_DEVICE_FAMILY = "1,2";
				TEST_TARGET_NAME = RecipePlanner;
			};
			name = Debug;
		};
		E1C138612F3BAB1600731225 /* Release */ = {
			isa = XCBuildConfiguration;
			buildSettings = {
				CODE_SIGN_STYLE = Automatic;
				CURRENT_PROJECT_VERSION = 1;
				GENERATE_INFOPLIST_FILE = YES;
				MARKETING_VERSION = 1.0;
				PRODUCT_BUNDLE_IDENTIFIER = com.company.RecipePlannerUITests;
				PRODUCT_NAME = "$(TARGET_NAME)";
				STRING_CATALOG_GENERATE_SYMBOLS = NO;
				SWIFT_APPROACHABLE_CONCURRENCY = YES;
				SWIFT_EMIT_LOC_STRINGS = NO;
				SWIFT_UPCOMING_FEATURE_MEMBER_IMPORT_VISIBILITY = YES;
				SWIFT_VERSION = 5.0;
				TARGETED_DEVICE_FAMILY = "1,2";
				TEST_TARGET_NAME = RecipePlanner;
			};
			name = Release;
		};
/* End XCBuildConfiguration section */

/* Begin XCConfigurationList section */
		E1C138332F3BAB1300731225 /* Build configuration list for PBXProject "RecipePlanner" */ = {
			isa = XCConfigurationList;
			buildConfigurations = (
				E1C138572F3BAB1600731225 /* Debug */,
				E1C138582F3BAB1600731225 /* Release */,
			);
			defaultConfigurationIsVisible = 0;
			defaultConfigurationName = Release;
		};
		E1C138592F3BAB1600731225 /* Build configuration list for PBXNativeTarget "RecipePlanner" */ = {
			isa = XCConfigurationList;
			buildConfigurations = (
				E1C1385A2F3BAB1600731225 /* Debug */,
				E1C1385B2F3BAB1600731225 /* Release */,
			);
			defaultConfigurationIsVisible = 0;
			defaultConfigurationName = Release;
		};
		E1C1385C2F3BAB1600731225 /* Build configuration list for PBXNativeTarget "RecipePlannerTests" */ = {
			isa = XCConfigurationList;
			buildConfigurations = (
				E1C1385D2F3BAB1600731225 /* Debug */,
				E1C1385E2F3BAB1600731225 /* Release */,
			);
			defaultConfigurationIsVisible = 0;
			defaultConfigurationName = Release;
		};
		E1C1385F2F3BAB1600731225 /* Build configuration list for PBXNativeTarget "RecipePlannerUITests" */ = {
			isa = XCConfigurationList;
			buildConfigurations = (
				E1C138602F3BAB1600731225 /* Debug */,
				E1C138612F3BAB1600731225 /* Release */,
			);
			defaultConfigurationIsVisible = 0;
			defaultConfigurationName = Release;
		};
/* End XCConfigurationList section */

/* Begin XCRemoteSwiftPackageReference section */
		E1C138F72F3BCD0A00731225 /* XCRemoteSwiftPackageReference "firebase-ios-sdk" */ = {
			isa = XCRemoteSwiftPackageReference;
			repositoryURL = "https://github.com/firebase/firebase-ios-sdk.git";
			requirement = {
				kind = upToNextMajorVersion;
				minimumVersion = 12.9.0;
			};
		};
		E1C138FE2F3BCD4900731225 /* XCRemoteSwiftPackageReference "Kingfisher" */ = {
			isa = XCRemoteSwiftPackageReference;
			repositoryURL = "https://github.com/onevcat/Kingfisher.git";
			requirement = {
				kind = upToNextMajorVersion;
				minimumVersion = 8.6.2;
			};
		};
/* End XCRemoteSwiftPackageReference section */

/* Begin XCSwiftPackageProductDependency section */
		E1C138F82F3BCD0A00731225 /* FirebaseAnalytics */ = {
			isa = XCSwiftPackageProductDependency;
			package = E1C138F72F3BCD0A00731225 /* XCRemoteSwiftPackageReference "firebase-ios-sdk" */;
			productName = FirebaseAnalytics;
		};
		E1C138FA2F3BCD0A00731225 /* FirebaseAuth */ = {
			isa = XCSwiftPackageProductDependency;
			package = E1C138F72F3BCD0A00731225 /* XCRemoteSwiftPackageReference "firebase-ios-sdk" */;
			productName = FirebaseAuth;
		};
		E1C138FC2F3BCD0A00731225 /* FirebaseDatabase */ = {
			isa = XCSwiftPackageProductDependency;
			package = E1C138F72F3BCD0A00731225 /* XCRemoteSwiftPackageReference "firebase-ios-sdk" */;
			productName = FirebaseDatabase;
		};
		E1C138FF2F3BCD4900731225 /* Kingfisher */ = {
			isa = XCSwiftPackageProductDependency;
			package = E1C138FE2F3BCD4900731225 /* XCRemoteSwiftPackageReference "Kingfisher" */;
			productName = Kingfisher;
		};
/* End XCSwiftPackageProductDependency section */
	};
	rootObject = E1C138302F3BAB1300731225 /* Project object */;
}
